# THIS IS AN AUTOGENERATED FILE. DO NOT EDIT THIS FILE DIRECTLY.
# yarn lockfile v1


beautiful-react-redux@^2.1.0:
  version "2.1.0"
  resolved "https://registry.yarnpkg.com/beautiful-react-redux/-/beautiful-react-redux-2.1.0.tgz#bc2c9b26ba0e816ad1456da8fcb298ef517974cb"
  dependencies:
    function-double "^1.0.4"
    memoize-state "^2.0.1"
    shallowequal "^1.0.2"

function-double@^1.0.4:
  version "1.0.4"
  resolved "https://registry.yarnpkg.com/function-double/-/function-double-1.0.4.tgz#46074f215a171594036d816fa963c2902b482c86"
  dependencies:
    util-arity "^1.1.0"

memoize-state@^2.0.1:
  version "2.0.1"
  resolved "https://registry.yarnpkg.com/memoize-state/-/memoize-state-2.0.1.tgz#fe9f2562680d2a9b0192e39f9a85ff6229cce24f"
  dependencies:
    function-double "^1.0.4"
    proxyequal "^2.0.0"

proxyequal@^2.0.0:
  version "2.0.0"
  resolved "https://registry.yarnpkg.com/proxyequal/-/proxyequal-2.0.0.tgz#d0f971810ee21bb71414430f828dc461a5190e97"
  dependencies:
    search-trie "^1.0.0"

search-trie@^1.0.0:
  version "1.0.0"
  resolved "https://registry.yarnpkg.com/search-trie/-/search-trie-1.0.0.tgz#9529e727a2267a5c9ef0c6910ef5a6e2de9bf188"

shallowequal@^1.0.2:
  version "1.1.0"
  resolved "https://registry.yarnpkg.com/shallowequal/-/shallowequal-1.1.0.tgz#188d521de95b9087404fd4dcb68b13df0ae4e7f8"

util-arity@^1.1.0:
  version "1.1.0"
  resolved "https://registry.yarnpkg.com/util-arity/-/util-arity-1.1.0.tgz#59d01af1fdb3fede0ac4e632b0ab5f6ce97c9330"
