# THIS IS AN AUTOGENERATED FILE. DO NOT EDIT THIS FILE DIRECTLY.
# yarn lockfile v1


beautiful-react-redux@^1.3.1:
  version "1.3.1"
  resolved "https://registry.yarnpkg.com/beautiful-react-redux/-/beautiful-react-redux-1.3.1.tgz#255f46c352aa52d468c992c3e8dae150b8ceb871"
  dependencies:
    function-double "^1.0.4"
    memoize-state "^1.5.1"
    shallowequal "^1.0.2"

function-double@^1.0.4:
  version "1.0.4"
  resolved "https://registry.yarnpkg.com/function-double/-/function-double-1.0.4.tgz#46074f215a171594036d816fa963c2902b482c86"
  dependencies:
    util-arity "^1.1.0"

memoize-state@^1.5.1:
  version "1.5.1"
  resolved "https://registry.yarnpkg.com/memoize-state/-/memoize-state-1.5.1.tgz#41575cb1dfc22564d3765df047064823917adb49"
  dependencies:
    function-double "^1.0.4"
    proxyequal "^1.6.0"

proxyequal@^1.6.0:
  version "1.6.0"
  resolved "https://registry.yarnpkg.com/proxyequal/-/proxyequal-1.6.0.tgz#34f49d234322e6af79bedf8c378a90fe27cf337e"
  dependencies:
    search-trie "^1.0.0"

search-trie@^1.0.0:
  version "1.0.0"
  resolved "https://registry.yarnpkg.com/search-trie/-/search-trie-1.0.0.tgz#9529e727a2267a5c9ef0c6910ef5a6e2de9bf188"

shallowequal@^1.0.2:
  version "1.1.0"
  resolved "https://registry.yarnpkg.com/shallowequal/-/shallowequal-1.1.0.tgz#188d521de95b9087404fd4dcb68b13df0ae4e7f8"

util-arity@^1.1.0:
  version "1.1.0"
  resolved "https://registry.yarnpkg.com/util-arity/-/util-arity-1.1.0.tgz#59d01af1fdb3fede0ac4e632b0ab5f6ce97c9330"
